
Microsoft Visual Studio Solution File, Format Version 12.00
# Visual Studio Version 17
VisualStudioVersion = 17.8.34322.80
MinimumVisualStudioVersion = 10.0.40219.1
Project("{FAE04EC0-301F-11D3-BF4B-00C04F79EFBC}") = "MIDTERM", "MIDTERM.csproj", "{88B76E03-50E5-46F9-98F0-131C8139B5E7}"
EndProject
Global
	GlobalSection(SolutionConfigurationPlatforms) = preSolution
		Debug|Any CPU = Debug|Any CPU
		Release|Any CPU = Release|Any CPU
	EndGlobalSection
	GlobalSection(ProjectConfigurationPlatforms) = postSolution
		{88B76E03-50E5-46F9-98F0-131C8139B5E7}.Debug|Any CPU.ActiveCfg = Debug|Any CPU
		{88B76E03-50E5-46F9-98F0-131C8139B5E7}.Debug|Any CPU.Build.0 = Debug|Any CPU
		{88B76E03-50E5-46F9-98F0-131C8139B5E7}.Release|Any CPU.ActiveCfg = Release|Any CPU
		{88B76E03-50E5-46F9-98F0-131C8139B5E7}.Release|Any CPU.Build.0 = Release|Any CPU
	EndGlobalSection
	GlobalSection(SolutionProperties) = preSolution
		HideSolutionNode = FALSE
	EndGlobalSection
	GlobalSection(ExtensibilityGlobals) = postSolution
		SolutionGuid = {B5FB2DB9-E2DC-45FC-91EE-F9D08B80F1D8}
	EndGlobalSection
EndGlobal
